<?xml version="1.0" encoding="utf-8"?>
<Project ToolsVersion="4.0" xmlns="http://schemas.microsoft.com/developer/msbuild/2003">
  <ItemGroup>
    <Filter Include="99.Defines">
      <UniqueIdentifier>{28bcf1ca-5f1c-4e07-a540-09ad25771349}</UniqueIdentifier>
    </Filter>
    <Filter Include="98.Default">
      <UniqueIdentifier>{0ab56a2a-3fff-43ca-9fb6-c65344be4997}</UniqueIdentifier>
    </Filter>
    <Filter Include="00.MainApp">
      <UniqueIdentifier>{612d8d26-b016-4e58-8379-cd50509c1691}</UniqueIdentifier>
    </Filter>
    <Filter Include="01.Levels">
      <UniqueIdentifier>{b4f73262-606c-417f-8f5a-dbe51f83d2d2}</UniqueIdentifier>
    </Filter>
    <Filter Include="01.Levels\00.Loading">
      <UniqueIdentifier>{85ea47b1-9b2d-4a32-8f1a-1a8be50ae20a}</UniqueIdentifier>
    </Filter>
    <Filter Include="01.Levels\01.Logo">
      <UniqueIdentifier>{26344aaf-cba4-47a2-b6b2-b717d86a6fbb}</UniqueIdentifier>
    </Filter>
    <Filter Include="01.Levels\02.GamePlay">
      <UniqueIdentifier>{22df0cdb-5b80-4341-b095-9cf9d96f954c}</UniqueIdentifier>
    </Filter>
    <Filter Include="01.Levels\00.Loading\Loader">
      <UniqueIdentifier>{971af4d9-cc6e-45cd-8547-bdea84e24691}</UniqueIdentifier>
    </Filter>
    <Filter Include="02.GameObjects">
      <UniqueIdentifier>{e41e8875-419b-4b63-9229-2273345ad05a}</UniqueIdentifier>
    </Filter>
    <Filter Include="97.ShaderFiles">
      <UniqueIdentifier>{9a0f34b9-2838-4e5d-87a4-eb8bf6420099}</UniqueIdentifier>
    </Filter>
    <Filter Include="02.GameObjects\Terrain">
      <UniqueIdentifier>{6611d0fd-2d4a-4845-be86-d1b83ea6ca0d}</UniqueIdentifier>
    </Filter>
    <Filter Include="02.GameObjects\Camera">
      <UniqueIdentifier>{ad103151-317b-4107-9e0d-6af6112e0605}</UniqueIdentifier>
    </Filter>
    <Filter Include="02.GameObjects\UI">
      <UniqueIdentifier>{6e243f85-6474-4acf-ad18-c4d2d71ceee9}</UniqueIdentifier>
    </Filter>
    <Filter Include="02.GameObjects\Player">
      <UniqueIdentifier>{6b361b72-e841-4213-91a0-2697c2510717}</UniqueIdentifier>
    </Filter>
    <Filter Include="02.GameObjects\LogoBackGround">
      <UniqueIdentifier>{736b5dd5-5d59-4789-adeb-42fe0c8ccf73}</UniqueIdentifier>
    </Filter>
    <Filter Include="02.GameObjects\LogoBackGround\Logo">
      <UniqueIdentifier>{0a4bf59e-658b-4782-aac3-26d8f8b3bdef}</UniqueIdentifier>
    </Filter>
    <Filter Include="02.GameObjects\LogoBackGround\LoadingImage">
      <UniqueIdentifier>{63b8bfc7-7ca1-4ca0-a575-b02f59be3c5d}</UniqueIdentifier>
    </Filter>
    <Filter Include="02.GameObjects\UI\TrunBattle">
      <UniqueIdentifier>{fd606b99-856d-4b8e-bc88-302cd8a94fd2}</UniqueIdentifier>
    </Filter>
    <Filter Include="02.GameObjects\UI\TrunBattle\TurnUICanvas">
      <UniqueIdentifier>{bba96f99-16ab-4401-8caa-e663ba052774}</UniqueIdentifier>
    </Filter>
    <Filter Include="02.GameObjects\UI\TrunBattle\TrunCharcterUI">
      <UniqueIdentifier>{1d838962-f722-40fc-93a4-47b2074b35f2}</UniqueIdentifier>
    </Filter>
    <Filter Include="99.Defines\Client_Manager">
      <UniqueIdentifier>{7486ada0-0ad9-4648-89e8-64b54e013b01}</UniqueIdentifier>
    </Filter>
    <Filter Include="02.GameObjects\Terrain\Water">
      <UniqueIdentifier>{e108db9c-fbbb-40da-bda9-c0775f6ef98d}</UniqueIdentifier>
    </Filter>
    <Filter Include="100. ToolManager">
      <UniqueIdentifier>{5ffc1636-987d-45cf-97ca-98cf0c8f304b}</UniqueIdentifier>
    </Filter>
    <Filter Include="02.GameObjects\UI\ClientBaseCanvas">
      <UniqueIdentifier>{84925460-d2b8-4148-9702-e2c67ef2fcb8}</UniqueIdentifier>
    </Filter>
    <Filter Include="02.GameObjects\UI\TrunBattle\TurnStateCanvas">
      <UniqueIdentifier>{ca9c7644-b7d0-47c0-90af-ded52b2a84b6}</UniqueIdentifier>
    </Filter>
    <Filter Include="02.GameObjects\UI\DungeonUI">
      <UniqueIdentifier>{b826be8e-e9ab-43ef-99e8-e97ee90e98be}</UniqueIdentifier>
    </Filter>
    <Filter Include="02.GameObjects\UI\DungeonUI\Canvas">
      <UniqueIdentifier>{1c39d727-b428-4689-8b4b-ff8036ab76cc}</UniqueIdentifier>
    </Filter>
    <Filter Include="02.GameObjects\UI\Button">
      <UniqueIdentifier>{0ea519bc-3118-43d3-8103-53b8a1488d2e}</UniqueIdentifier>
    </Filter>
    <Filter Include="02.GameObjects\Player\PlayerController">
      <UniqueIdentifier>{f9a70e32-f236-4874-bbd5-02c8f5394ed2}</UniqueIdentifier>
    </Filter>
    <Filter Include="01.Levels\03.CombatLevel">
      <UniqueIdentifier>{dae64ca7-40c5-470d-80bf-c722c116657d}</UniqueIdentifier>
    </Filter>
    <Filter Include="02.GameObjects\Player\AnimFsm">
      <UniqueIdentifier>{c987a72f-e145-4739-af54-d356615df899}</UniqueIdentifier>
    </Filter>
    <Filter Include="02.GameObjects\Monster">
      <UniqueIdentifier>{4b7bc227-dfb6-466b-a1ee-e76e5a0dab46}</UniqueIdentifier>
    </Filter>
    <Filter Include="96. CombatController">
      <UniqueIdentifier>{7860fe08-6afa-40ba-9195-7647e0a51579}</UniqueIdentifier>
    </Filter>
    <Filter Include="02.GameObjects\Monster\MonsterFsm">
      <UniqueIdentifier>{22474feb-2d12-4cc7-9d7a-a25264537187}</UniqueIdentifier>
    </Filter>
    <Filter Include="02.GameObjects\DungeonMaps">
      <UniqueIdentifier>{30604179-3c24-49ae-a533-92455e4bed0a}</UniqueIdentifier>
    </Filter>
    <Filter Include="02.GameObjects\SkyBox">
      <UniqueIdentifier>{93e4a22a-19a3-4915-8dc9-23c11a20eafc}</UniqueIdentifier>
    </Filter>
    <Filter Include="02.GameObjects\LogoBackGround\LoadingImage\BackGround">
      <UniqueIdentifier>{4802a01c-abcc-4482-81b4-37cfe572eb1d}</UniqueIdentifier>
    </Filter>
    <Filter Include="02.GameObjects\LogoBackGround\LoadingImage\BackGround\NoAnimBackGround">
      <UniqueIdentifier>{7a8efa89-8fd5-4af5-983c-7a9e4a0592b5}</UniqueIdentifier>
    </Filter>
    <Filter Include="02.GameObjects\Effect">
      <UniqueIdentifier>{bd6a6a54-bdbf-4b34-9b85-1d8382e42bed}</UniqueIdentifier>
    </Filter>
    <Filter Include="02.GameObjects\CombatMaps">
      <UniqueIdentifier>{07db2e14-6e63-4809-b202-a81494dea85e}</UniqueIdentifier>
    </Filter>
    <Filter Include="02.GameObjects\UI\Image">
      <UniqueIdentifier>{253ac410-18ef-4117-9a42-517776458014}</UniqueIdentifier>
    </Filter>
    <Filter Include="02.GameObjects\Player\Weapon">
      <UniqueIdentifier>{2ffc174c-34a8-45e9-b4b4-c3e35c6d496d}</UniqueIdentifier>
    </Filter>
    <Filter Include="02.GameObjects\Monster\MonsterStateFsm">
      <UniqueIdentifier>{f9e1cdc3-9f84-49a6-b5b3-2d46354dc90a}</UniqueIdentifier>
    </Filter>
    <Filter Include="02.GameObjects\UI\TrunBattle\Hp_Mp_Buff">
      <UniqueIdentifier>{8551a500-890c-43bd-a3eb-b1b802c20f8f}</UniqueIdentifier>
    </Filter>
    <Filter Include="02.GameObjects\UI\TrunBattle\Hp_Mp_Buff\HPMPBar">
      <UniqueIdentifier>{9095ff33-1570-4247-91bc-087c2668ee74}</UniqueIdentifier>
    </Filter>
    <Filter Include="02.GameObjects\UI\TrunBattle\Buff_Image">
      <UniqueIdentifier>{eadbed41-ba74-46de-b3ab-2eb0cfd16db7}</UniqueIdentifier>
    </Filter>
    <Filter Include="02.GameObjects\UI\TrunBattle\HPMpCanvas">
      <UniqueIdentifier>{8becbaea-0735-4140-8b63-6d8c6d868d41}</UniqueIdentifier>
    </Filter>
    <Filter Include="02.GameObjects\Player\Skill">
      <UniqueIdentifier>{94bcd0f0-bf2e-4c16-9f1f-e0ac094aff55}</UniqueIdentifier>
    </Filter>
    <Filter Include="02.GameObjects\MapOne">
      <UniqueIdentifier>{3861e60d-1768-4a69-b6c5-c737a880638b}</UniqueIdentifier>
    </Filter>
    <Filter Include="02.GameObjects\MapOne\MapOneTree">
      <UniqueIdentifier>{0b37f63b-c8d9-4061-9260-e717aee6c304}</UniqueIdentifier>
    </Filter>
    <Filter Include="02.GameObjects\MapOne\Chest">
      <UniqueIdentifier>{80803b1d-1f3d-4a22-b0ff-694af821c8be}</UniqueIdentifier>
    </Filter>
    <Filter Include="02.GameObjects\MapOne\Collider_3DUI">
      <UniqueIdentifier>{84cddc74-90ab-41c1-98af-7cec0fd90016}</UniqueIdentifier>
    </Filter>
    <Filter Include="02.GameObjects\UI\TrunBattle\TrunStartUI">
      <UniqueIdentifier>{c866b46b-8fe6-4908-bde4-2a7964f3c68b}</UniqueIdentifier>
    </Filter>
    <Filter Include="02.GameObjects\UI\TrunBattle\TrunWinCanvas">
      <UniqueIdentifier>{90cc5241-ac68-4fc5-9695-af5d8d5ca35f}</UniqueIdentifier>
    </Filter>
    <Filter Include="02.GameObjects\Player\Skill\Skill_Texture">
      <UniqueIdentifier>{ec6bccd5-bcd3-4262-822c-a30bdd7228dd}</UniqueIdentifier>
    </Filter>
    <Filter Include="02.GameObjects\Effect\Attack_Effect">
      <UniqueIdentifier>{0312608a-7bed-4e06-b412-2c1f8d74dcde}</UniqueIdentifier>
    </Filter>
    <Filter Include="02.GameObjects\Effect\Hit_Effect">
      <UniqueIdentifier>{304f5892-b1ef-4558-bd51-2615b4633908}</UniqueIdentifier>
    </Filter>
    <Filter Include="02.GameObjects\Effect\Test_Effect_">
      <UniqueIdentifier>{de48838b-8abc-4144-9f07-7b99d5ee56c1}</UniqueIdentifier>
    </Filter>
    <Filter Include="02.GameObjects\Effect\Buff_Effect">
      <UniqueIdentifier>{19f820af-4b44-4593-8b8f-427a5ee9431e}</UniqueIdentifier>
    </Filter>
    <Filter Include="02.GameObjects\Font">
      <UniqueIdentifier>{c3371bf6-efe5-4fe3-8960-dcfaa4605e8d}</UniqueIdentifier>
    </Filter>
    <Filter Include="02.GameObjects\Font\ExPlain_Font">
      <UniqueIdentifier>{3e63dc48-8b3a-448d-af83-1bc45411d0de}</UniqueIdentifier>
    </Filter>
    <Filter Include="02.GameObjects\Font\ExPlain_Font\Mgr">
      <UniqueIdentifier>{142111fd-6934-451c-924b-f4bb0717fa18}</UniqueIdentifier>
    </Filter>
    <Filter Include="02.GameObjects\Font\DamageFont">
      <UniqueIdentifier>{5ae434d5-d772-4819-b362-22a2b14031dd}</UniqueIdentifier>
    </Filter>
    <Filter Include="02.GameObjects\Font\DamageFont\Manager">
      <UniqueIdentifier>{5989a432-e668-4e01-8edb-4bb8a8b1ba7a}</UniqueIdentifier>
    </Filter>
    <Filter Include="02.GameObjects\Font\ExPlain_Font\Debuff_Font">
      <UniqueIdentifier>{9bf6d3ca-a18d-48fc-975d-677d6f40791e}</UniqueIdentifier>
    </Filter>
  </ItemGroup>
  <ItemGroup>
    <Text Include="ReadMe.txt" />
  </ItemGroup>
  <ItemGroup>
    <ClInclude Include="Client.h">
      <Filter>98.Default</Filter>
    </ClInclude>
    <ClInclude Include="Resource.h">
      <Filter>98.Default</Filter>
    </ClInclude>
    <ClInclude Include="stdafx.h">
      <Filter>98.Default</Filter>
    </ClInclude>
    <ClInclude Include="targetver.h">
      <Filter>98.Default</Filter>
    </ClInclude>
    <ClInclude Include="..\public\MainApp.h">
      <Filter>00.MainApp</Filter>
    </ClInclude>
    <ClInclude Include="..\public\Client_Defines.h">
      <Filter>99.Defines</Filter>
    </ClInclude>
    <ClInclude Include="..\public\Level_Logo.h">
      <Filter>01.Levels\01.Logo</Filter>
    </ClInclude>
    <ClInclude Include="..\public\Level_Loading.h">
      <Filter>01.Levels\00.Loading</Filter>
    </ClInclude>
    <ClInclude Include="..\public\Level_GamePlay.h">
      <Filter>01.Levels\02.GamePlay</Filter>
    </ClInclude>
    <ClInclude Include="..\public\Loader.h">
      <Filter>01.Levels\00.Loading\Loader</Filter>
    </ClInclude>
    <ClInclude Include="..\public\BackGround.h">
      <Filter>02.GameObjects\LogoBackGround\LoadingImage\BackGround</Filter>
    </ClInclude>
    <ClInclude Include="..\Public\Terrain.h">
      <Filter>02.GameObjects\Terrain</Filter>
    </ClInclude>
    <ClInclude Include="..\Public\Camera_Dynamic.h">
      <Filter>02.GameObjects\Camera</Filter>
    </ClInclude>
    <ClInclude Include="..\Public\MainLogo.h">
      <Filter>02.GameObjects\LogoBackGround\Logo</Filter>
    </ClInclude>
    <ClInclude Include="..\Public\LoadingImage.h">
      <Filter>02.GameObjects\LogoBackGround\LoadingImage</Filter>
    </ClInclude>
    <ClInclude Include="..\public\NoneAnim_BG.h">
      <Filter>02.GameObjects\LogoBackGround\LoadingImage\BackGround\NoAnimBackGround</Filter>
    </ClInclude>
    <ClInclude Include="..\Public\TurnUICanvas.h">
      <Filter>02.GameObjects\UI\TrunBattle\TurnUICanvas</Filter>
    </ClInclude>
    <ClInclude Include="..\Public\TurnCharcterUI.h">
      <Filter>02.GameObjects\UI\TrunBattle\TrunCharcterUI</Filter>
    </ClInclude>
    <ClInclude Include="..\Public\Client_Manager.h">
      <Filter>99.Defines\Client_Manager</Filter>
    </ClInclude>
    <ClInclude Include="..\public\WaterTile.h">
      <Filter>02.GameObjects\Terrain\Water</Filter>
    </ClInclude>
    <ClInclude Include="..\public\ToolManager.h">
      <Filter>100. ToolManager</Filter>
    </ClInclude>
    <ClInclude Include="..\Public\ClientBaseCanvas.h">
      <Filter>02.GameObjects\UI\ClientBaseCanvas</Filter>
    </ClInclude>
    <ClInclude Include="..\Public\TurnStateCanvas.h">
      <Filter>02.GameObjects\UI\TrunBattle\TurnStateCanvas</Filter>
    </ClInclude>
    <ClInclude Include="..\public\Hero_Garrison.h">
      <Filter>02.GameObjects\Player</Filter>
    </ClInclude>
    <ClInclude Include="..\Public\Hero_Calibretto.h">
      <Filter>02.GameObjects\Player</Filter>
    </ClInclude>
    <ClInclude Include="..\Public\Dungeon_Canvas.h">
      <Filter>02.GameObjects\UI\DungeonUI\Canvas</Filter>
    </ClInclude>
    <ClInclude Include="..\public\UIButton.h">
      <Filter>02.GameObjects\UI\Button</Filter>
    </ClInclude>
    <ClInclude Include="..\public\PlayerController.h">
      <Filter>02.GameObjects\Player\PlayerController</Filter>
    </ClInclude>
    <ClInclude Include="..\Public\Camera_Static.h">
      <Filter>02.GameObjects\Camera</Filter>
    </ClInclude>
    <ClInclude Include="..\Public\Level_Combat.h">
      <Filter>01.Levels\03.CombatLevel</Filter>
    </ClInclude>
    <ClInclude Include="..\public\Hero_Knolan.h">
      <Filter>02.GameObjects\Player</Filter>
    </ClInclude>
    <ClInclude Include="..\public\AnimFsm.h">
      <Filter>02.GameObjects\Player\AnimFsm</Filter>
    </ClInclude>
    <ClInclude Include="..\Public\SlimeKing.h">
      <Filter>02.GameObjects\Monster</Filter>
    </ClInclude>
    <ClInclude Include="..\Public\Spider_Mana.h">
      <Filter>02.GameObjects\Monster</Filter>
    </ClInclude>
    <ClInclude Include="..\Public\Skeleton_Naked.h">
      <Filter>02.GameObjects\Monster</Filter>
    </ClInclude>
    <ClInclude Include="..\Public\CombatController.h">
      <Filter>96. CombatController</Filter>
    </ClInclude>
    <ClInclude Include="..\Public\MonsterFsm.h">
      <Filter>02.GameObjects\Monster\MonsterFsm</Filter>
    </ClInclude>
    <ClInclude Include="..\Public\DungeonMaps.h">
      <Filter>02.GameObjects\DungeonMaps</Filter>
    </ClInclude>
    <ClInclude Include="..\Public\SkyBox.h">
      <Filter>02.GameObjects\SkyBox</Filter>
    </ClInclude>
    <ClInclude Include="..\Bin\ShaderFiles\Shader_Client_Defines.h">
      <Filter>97.ShaderFiles</Filter>
    </ClInclude>
    <ClInclude Include="..\Public\CombatMap.h">
      <Filter>02.GameObjects\CombatMaps</Filter>
    </ClInclude>
    <ClInclude Include="..\Public\Effect_Rect_Instancing.h">
      <Filter>02.GameObjects\Effect</Filter>
    </ClInclude>
    <ClInclude Include="..\public\Level_GamePlayPreHeader.h">
      <Filter>01.Levels\00.Loading\Loader</Filter>
    </ClInclude>
    <ClInclude Include="..\Public\Camera_Combat.h">
      <Filter>02.GameObjects\Camera</Filter>
    </ClInclude>
    <ClInclude Include="..\Public\Effect_Point_Instancing.h">
      <Filter>02.GameObjects\Effect</Filter>
    </ClInclude>
    <ClInclude Include="..\Public\MyImage.h">
      <Filter>02.GameObjects\UI\Image</Filter>
    </ClInclude>
    <ClInclude Include="..\Public\Weapon.h">
      <Filter>02.GameObjects\Player\Weapon</Filter>
    </ClInclude>
    <ClInclude Include="..\public\HpMpBar.h">
      <Filter>02.GameObjects\UI\TrunBattle\Hp_Mp_Buff\HPMPBar</Filter>
    </ClInclude>
    <ClInclude Include="..\Public\HpMpBuffCanvas.h">
      <Filter>02.GameObjects\UI\TrunBattle\HPMpCanvas</Filter>
    </ClInclude>
    <ClInclude Include="..\Public\Buff_Image.h">
      <Filter>02.GameObjects\UI\TrunBattle\Buff_Image</Filter>
    </ClInclude>
    <ClInclude Include="..\Public\Skill_Object.h">
      <Filter>02.GameObjects\Player\Skill</Filter>
    </ClInclude>
    <ClInclude Include="..\Public\EffectFrame.h">
      <Filter>02.GameObjects\Effect\Test_Effect_</Filter>
    </ClInclude>
    <ClInclude Include="..\Public\MapOne2D.h">
      <Filter>02.GameObjects\MapOne</Filter>
    </ClInclude>
    <ClInclude Include="..\Public\MapTile.h">
      <Filter>02.GameObjects\MapOne</Filter>
    </ClInclude>
    <ClInclude Include="..\Public\ChestBox.h">
      <Filter>02.GameObjects\MapOne\Chest</Filter>
    </ClInclude>
    <ClInclude Include="..\Public\MapOneTree.h">
      <Filter>02.GameObjects\MapOne\MapOneTree</Filter>
    </ClInclude>
    <ClInclude Include="..\Public\Map_3D_UI.h">
      <Filter>02.GameObjects\MapOne\Collider_3DUI</Filter>
    </ClInclude>
    <ClInclude Include="..\Public\Trun_BattleStart_UI.h">
      <Filter>02.GameObjects\UI\TrunBattle\TrunStartUI</Filter>
    </ClInclude>
    <ClInclude Include="..\Public\TrunWinCanvas.h">
      <Filter>02.GameObjects\UI\TrunBattle\TrunWinCanvas</Filter>
    </ClInclude>
    <ClInclude Include="..\Public\Skill_TextureObj.h">
      <Filter>02.GameObjects\Player\Skill\Skill_Texture</Filter>
    </ClInclude>
    <ClInclude Include="..\Public\Buff_Effect.h">
      <Filter>02.GameObjects\Effect\Buff_Effect</Filter>
    </ClInclude>
    <ClInclude Include="..\Public\DamageFont.h">
      <Filter>02.GameObjects\Font\DamageFont</Filter>
    </ClInclude>
    <ClInclude Include="..\Public\Damage_Font_Manager.h">
      <Filter>02.GameObjects\Font\DamageFont\Manager</Filter>
    </ClInclude>
    <ClInclude Include="..\Public\Attack_Effect_Rect.h">
      <Filter>02.GameObjects\Effect\Attack_Effect</Filter>
    </ClInclude>
    <ClInclude Include="..\Public\Explain_Font.h">
      <Filter>02.GameObjects\Font\ExPlain_Font</Filter>
    </ClInclude>
    <ClInclude Include="..\Public\Explain_FontMgr.h">
      <Filter>02.GameObjects\Font\ExPlain_Font\Mgr</Filter>
    </ClInclude>
    <ClInclude Include="..\Public\Debuff_Font.h" />
  </ItemGroup>
  <ItemGroup>
    <ClCompile Include="Client.cpp">
      <Filter>98.Default</Filter>
    </ClCompile>
    <ClCompile Include="stdafx.cpp">
      <Filter>98.Default</Filter>
    </ClCompile>
    <ClCompile Include="..\private\MainApp.cpp">
      <Filter>00.MainApp</Filter>
    </ClCompile>
    <ClCompile Include="..\private\Level_Logo.cpp">
      <Filter>01.Levels\01.Logo</Filter>
    </ClCompile>
    <ClCompile Include="..\private\Level_Loading.cpp">
      <Filter>01.Levels\00.Loading</Filter>
    </ClCompile>
    <ClCompile Include="..\private\Level_GamePlay.cpp">
      <Filter>01.Levels\02.GamePlay</Filter>
    </ClCompile>
    <ClCompile Include="..\private\Loader.cpp">
      <Filter>01.Levels\00.Loading\Loader</Filter>
    </ClCompile>
    <ClCompile Include="..\private\BackGround.cpp">
      <Filter>02.GameObjects\LogoBackGround\LoadingImage\BackGround</Filter>
    </ClCompile>
    <ClCompile Include="..\Private\Terrain.cpp">
      <Filter>02.GameObjects\Terrain</Filter>
    </ClCompile>
    <ClCompile Include="..\Private\Camera_Dynamic.cpp">
      <Filter>02.GameObjects\Camera</Filter>
    </ClCompile>
    <ClCompile Include="..\Private\MainLogo.cpp">
      <Filter>02.GameObjects\LogoBackGround\Logo</Filter>
    </ClCompile>
    <ClCompile Include="..\Private\LoadingImage.cpp">
      <Filter>02.GameObjects\LogoBackGround\LoadingImage</Filter>
    </ClCompile>
    <ClCompile Include="..\Private\NoneAnim_BG.cpp">
      <Filter>02.GameObjects\LogoBackGround\LoadingImage\BackGround\NoAnimBackGround</Filter>
    </ClCompile>
    <ClCompile Include="..\Private\TurnUICanvas.cpp">
      <Filter>02.GameObjects\UI\TrunBattle\TurnUICanvas</Filter>
    </ClCompile>
    <ClCompile Include="..\Private\TurnCharcterUI.cpp">
      <Filter>02.GameObjects\UI\TrunBattle\TrunCharcterUI</Filter>
    </ClCompile>
    <ClCompile Include="..\Private\Client_Manager.cpp">
      <Filter>99.Defines\Client_Manager</Filter>
    </ClCompile>
    <ClCompile Include="..\private\WaterTile.cpp">
      <Filter>02.GameObjects\Terrain\Water</Filter>
    </ClCompile>
    <ClCompile Include="..\Private\ToolManager.cpp">
      <Filter>100. ToolManager</Filter>
    </ClCompile>
    <ClCompile Include="..\Private\ClientBaseCanvas.cpp">
      <Filter>02.GameObjects\UI\ClientBaseCanvas</Filter>
    </ClCompile>
    <ClCompile Include="..\Private\TurnStateCanvas.cpp">
      <Filter>02.GameObjects\UI\TrunBattle\TurnStateCanvas</Filter>
    </ClCompile>
    <ClCompile Include="..\private\Hero_Garrison.cpp">
      <Filter>02.GameObjects\Player</Filter>
    </ClCompile>
    <ClCompile Include="..\Private\Hero_Calibretto.cpp">
      <Filter>02.GameObjects\Player</Filter>
    </ClCompile>
    <ClCompile Include="..\Private\Dungeon_Canvas.cpp">
      <Filter>02.GameObjects\UI\DungeonUI\Canvas</Filter>
    </ClCompile>
    <ClCompile Include="..\private\UIButton.cpp">
      <Filter>02.GameObjects\UI\Button</Filter>
    </ClCompile>
    <ClCompile Include="..\private\PlayerController.cpp">
      <Filter>02.GameObjects\Player\PlayerController</Filter>
    </ClCompile>
    <ClCompile Include="..\Private\Camera_Static.cpp">
      <Filter>02.GameObjects\Camera</Filter>
    </ClCompile>
    <ClCompile Include="..\Private\Level_Combat.cpp">
      <Filter>01.Levels\03.CombatLevel</Filter>
    </ClCompile>
    <ClCompile Include="..\private\Hero_Knolan.cpp">
      <Filter>02.GameObjects\Player</Filter>
    </ClCompile>
    <ClCompile Include="..\private\AnimFsm.cpp">
      <Filter>02.GameObjects\Player\AnimFsm</Filter>
    </ClCompile>
    <ClCompile Include="..\Private\SlimeKing.cpp">
      <Filter>02.GameObjects\Monster</Filter>
    </ClCompile>
    <ClCompile Include="..\Private\Spider_Mana.cpp">
      <Filter>02.GameObjects\Monster</Filter>
    </ClCompile>
    <ClCompile Include="..\Private\Skeleton_Naked.cpp">
      <Filter>02.GameObjects\Monster</Filter>
    </ClCompile>
    <ClCompile Include="..\Private\CombatController.cpp">
      <Filter>96. CombatController</Filter>
    </ClCompile>
    <ClCompile Include="..\Private\MonsterFsm.cpp">
      <Filter>02.GameObjects\Monster\MonsterFsm</Filter>
    </ClCompile>
    <ClCompile Include="..\Private\DungeonMaps.cpp">
      <Filter>02.GameObjects\DungeonMaps</Filter>
    </ClCompile>
    <ClCompile Include="..\Private\SkyBox.cpp">
      <Filter>02.GameObjects\SkyBox</Filter>
    </ClCompile>
    <ClCompile Include="..\Private\CombatMap.cpp">
      <Filter>02.GameObjects\CombatMaps</Filter>
    </ClCompile>
    <ClCompile Include="..\Private\Effect_Rect_Instancing.cpp">
      <Filter>02.GameObjects\Effect</Filter>
    </ClCompile>
    <ClCompile Include="..\private\Camera_Combat.cpp">
      <Filter>02.GameObjects\Camera</Filter>
    </ClCompile>
    <ClCompile Include="..\Private\Effect_Point_Instancing.cpp">
      <Filter>02.GameObjects\Effect</Filter>
    </ClCompile>
    <ClCompile Include="..\Private\MyImage.cpp">
      <Filter>02.GameObjects\UI\Image</Filter>
    </ClCompile>
    <ClCompile Include="..\private\Weapon.cpp">
      <Filter>02.GameObjects\Player\Weapon</Filter>
    </ClCompile>
    <ClCompile Include="..\private\HpMpBar.cpp">
      <Filter>02.GameObjects\UI\TrunBattle\Hp_Mp_Buff\HPMPBar</Filter>
    </ClCompile>
    <ClCompile Include="..\Private\HpMpBuffCanvas.cpp">
      <Filter>02.GameObjects\UI\TrunBattle\HPMpCanvas</Filter>
    </ClCompile>
    <ClCompile Include="..\Private\Buff_Image.cpp">
      <Filter>02.GameObjects\UI\TrunBattle\Buff_Image</Filter>
    </ClCompile>
    <ClCompile Include="..\Private\Skill_Object.cpp">
      <Filter>02.GameObjects\Player\Skill</Filter>
    </ClCompile>
    <ClCompile Include="..\Private\EffectFrame.cpp">
      <Filter>02.GameObjects\Effect\Test_Effect_</Filter>
    </ClCompile>
    <ClCompile Include="..\Private\MapOne2D.cpp">
      <Filter>02.GameObjects\MapOne</Filter>
    </ClCompile>
    <ClCompile Include="..\Private\MapTile.cpp">
      <Filter>02.GameObjects\MapOne</Filter>
    </ClCompile>
    <ClCompile Include="..\Private\ChestBox.cpp">
      <Filter>02.GameObjects\MapOne\Chest</Filter>
    </ClCompile>
    <ClCompile Include="..\Private\MapOneTree.cpp">
      <Filter>02.GameObjects\MapOne\MapOneTree</Filter>
    </ClCompile>
    <ClCompile Include="..\Private\Map_3D_UI.cpp">
      <Filter>02.GameObjects\MapOne\Collider_3DUI</Filter>
    </ClCompile>
    <ClCompile Include="..\Private\Trun_BattleStart_UI.cpp">
      <Filter>02.GameObjects\UI\TrunBattle\TrunStartUI</Filter>
    </ClCompile>
    <ClCompile Include="..\Private\TrunWinCanvas.cpp">
      <Filter>02.GameObjects\UI\TrunBattle\TrunWinCanvas</Filter>
    </ClCompile>
    <ClCompile Include="..\Private\Skill_TextureObj.cpp">
      <Filter>02.GameObjects\Player\Skill\Skill_Texture</Filter>
    </ClCompile>
    <ClCompile Include="..\Private\Buff_Effect.cpp">
      <Filter>02.GameObjects\Effect\Buff_Effect</Filter>
    </ClCompile>
    <ClCompile Include="..\Private\DamageFont.cpp">
      <Filter>02.GameObjects\Font\DamageFont</Filter>
    </ClCompile>
    <ClCompile Include="..\Private\Damage_Font_Manager.cpp">
      <Filter>02.GameObjects\Font\DamageFont\Manager</Filter>
    </ClCompile>
    <ClCompile Include="..\Private\Attack_Effect_Rect.cpp">
      <Filter>02.GameObjects\Effect\Attack_Effect</Filter>
    </ClCompile>
    <ClCompile Include="..\Private\Explain_Font.cpp">
      <Filter>02.GameObjects\Font\ExPlain_Font</Filter>
    </ClCompile>
    <ClCompile Include="..\Private\Explain_FontMgr.cpp">
      <Filter>02.GameObjects\Font\ExPlain_Font\Mgr</Filter>
    </ClCompile>
    <ClCompile Include="..\Private\Debuff_Font.cpp" />
  </ItemGroup>
  <ItemGroup>
    <Image Include="Client.ico">
      <Filter>98.Default</Filter>
    </Image>
    <Image Include="small.ico">
      <Filter>98.Default</Filter>
    </Image>
  </ItemGroup>
  <ItemGroup>
    <ResourceCompile Include="Client.rc">
      <Filter>98.Default</Filter>
    </ResourceCompile>
  </ItemGroup>
  <ItemGroup>
    <FxCompile Include="..\Bin\ShaderFiles\Shader_VtxTex.hlsl">
      <Filter>97.ShaderFiles</Filter>
    </FxCompile>
    <FxCompile Include="..\Bin\ShaderFiles\Shader_VtxNorTex.hlsl">
      <Filter>97.ShaderFiles</Filter>
    </FxCompile>
    <FxCompile Include="..\Bin\ShaderFiles\Shader_VtxNorTex_PongShader.hlsl">
      <Filter>97.ShaderFiles</Filter>
    </FxCompile>
    <FxCompile Include="..\Bin\ShaderFiles\Shader_VtxModel.hlsl">
      <Filter>97.ShaderFiles</Filter>
    </FxCompile>
    <FxCompile Include="..\Bin\ShaderFiles\Shader_VtxAnimModel.hlsl">
      <Filter>97.ShaderFiles</Filter>
    </FxCompile>
    <FxCompile Include="..\Bin\ShaderFiles\Shader_VtxNorTex_Tile.hlsl">
      <Filter>97.ShaderFiles</Filter>
    </FxCompile>
    <FxCompile Include="..\Bin\ShaderFiles\Shader_VtxCubeTex.hlsl">
      <Filter>97.ShaderFiles</Filter>
    </FxCompile>
    <FxCompile Include="..\Bin\ShaderFiles\Shader_VtxRectInstance.hlsl">
      <Filter>97.ShaderFiles</Filter>
    </FxCompile>
    <FxCompile Include="..\Bin\ShaderFiles\Shader_VtxPointInstance.hlsl">
      <Filter>97.ShaderFiles</Filter>
    </FxCompile>
    <FxCompile Include="..\Bin\ShaderFiles\Shader_VtxTexIncCount.hlsl">
      <Filter>97.ShaderFiles</Filter>
    </FxCompile>
    <FxCompile Include="..\Bin\ShaderFiles\Shader_VtxNorTex_TerrainTile.hlsl">
      <Filter>97.ShaderFiles</Filter>
    </FxCompile>
    <FxCompile Include="..\Bin\ShaderFiles\Shader_VtxModelInstance.hlsl">
      <Filter>97.ShaderFiles</Filter>
    </FxCompile>
    <FxCompile Include="..\Bin\ShaderFiles\Shader_VtxPoint.hlsl">
      <Filter>97.ShaderFiles</Filter>
    </FxCompile>
  </ItemGroup>
</Project>